{
  "name": "run-all-now",
  "version": "1.0.1",
  "lockfileVersion": 3,
  "requires": true,
  "packages": {
    "": {
      "name": "run-all-now",
      "version": "1.0.1",
      "license": "MIT",
      "bin": {
        "npm-run-all": "bin/npm-run-all.js",
        "run-all-now": "bin/run-all-now.js",
        "run-p": "bin/run-p.js",
        "run-s": "bin/run-s.js"
      },
      "engines": {
        "node": ">=18"
      },
      "optionalDependencies": {
        "@run-all-now/darwin-arm64": "1.0.1",
        "@run-all-now/darwin-x64": "1.0.1",
        "@run-all-now/linux-arm64": "1.0.1",
        "@run-all-now/linux-x64": "1.0.1",
        "@run-all-now/win32-arm64": "1.0.1",
        "@run-all-now/win32-x64": "1.0.1"
      }
    },
    "node_modules/@run-all-now/darwin-arm64": {
      "optional": true
    },
    "node_modules/@run-all-now/darwin-x64": {
      "optional": true
    },
    "node_modules/@run-all-now/linux-arm64": {
      "optional": true
    },
    "node_modules/@run-all-now/linux-x64": {
      "optional": true
    },
    "node_modules/@run-all-now/win32-arm64": {
      "optional": true
    },
    "node_modules/@run-all-now/win32-x64": {
      "optional": true
    }
  }
}
